// !$*UTF8*$!
{
	archiveVersion = 1;
	classes = {
	};
	objectVersion = 46;
	objects = {

/* Begin PBXBuildFile section */
		B6CB8E461967C41C002996E8 /* Foundation.framework in Frameworks */ = {isa = PBXBuildFile; fileRef = B6CB8E451967C41C002996E8 /* Foundation.framework */; };
		B6CB8E481967C41C002996E8 /* CoreGraphics.framework in Frameworks */ = {isa = PBXBuildFile; fileRef = B6CB8E471967C41C002996E8 /* CoreGraphics.framework */; };
		B6CB8E4A1967C41C002996E8 /* UIKit.framework in Frameworks */ = {isa = PBXBuildFile; fileRef = B6CB8E491967C41C002996E8 /* UIKit.framework */; };
		B6CB8E501967C41C002996E8 /* InfoPlist.strings in Resources */ = {isa = PBXBuildFile; fileRef = B6CB8E4E1967C41C002996E8 /* InfoPlist.strings */; };
		B6CB8E521967C41C002996E8 /* main.m in Sources */ = {isa = PBXBuildFile; fileRef = B6CB8E511967C41C002996E8 /* main.m */; };
		B6CB8E561967C41C002996E8 /* TPAppDelegate.m in Sources */ = {isa = PBXBuildFile; fileRef = B6CB8E551967C41C002996E8 /* TPAppDelegate.m */; };
		B6CB8E591967C41C002996E8 /* Main.storyboard in Resources */ = {isa = PBXBuildFile; fileRef = B6CB8E571967C41C002996E8 /* Main.storyboard */; };
		B6CB8E5C1967C41C002996E8 /* TPViewController.m in Sources */ = {isa = PBXBuildFile; fileRef = B6CB8E5B1967C41C002996E8 /* TPViewController.m */; };
		B6CB8E5E1967C41C002996E8 /* Images.xcassets in Resources */ = {isa = PBXBuildFile; fileRef = B6CB8E5D1967C41C002996E8 /* Images.xcassets */; };
		B6CB8E651967C41C002996E8 /* XCTest.framework in Frameworks */ = {isa = PBXBuildFile; fileRef = B6CB8E641967C41C002996E8 /* XCTest.framework */; };
		B6CB8E661967C41C002996E8 /* Foundation.framework in Frameworks */ = {isa = PBXBuildFile; fileRef = B6CB8E451967C41C002996E8 /* Foundation.framework */; };
		B6CB8E671967C41C002996E8 /* UIKit.framework in Frameworks */ = {isa = PBXBuildFile; fileRef = B6CB8E491967C41C002996E8 /* UIKit.framework */; };
		B6CB8E6F1967C41C002996E8 /* InfoPlist.strings in Resources */ = {isa = PBXBuildFile; fileRef = B6CB8E6D1967C41C002996E8 /* InfoPlist.strings */; };
		B6CB8E711967C41C002996E8 /* TapTests.m in Sources */ = {isa = PBXBuildFile; fileRef = B6CB8E701967C41C002996E8 /* TapTests.m */; };
		B6CB8E7B1967C491002996E8 /* Parse.framework in Frameworks */ = {isa = PBXBuildFile; fileRef = B6CB8E7A1967C491002996E8 /* Parse.framework */; };
		B6CB8E7D1967C4B0002996E8 /* Accounts.framework in Frameworks */ = {isa = PBXBuildFile; fileRef = B6CB8E7C1967C4B0002996E8 /* Accounts.framework */; };
		B6CB8E7F1967C4B9002996E8 /* AudioToolbox.framework in Frameworks */ = {isa = PBXBuildFile; fileRef = B6CB8E7E1967C4B9002996E8 /* AudioToolbox.framework */; };
		B6CB8E811967C4C1002996E8 /* CFNetwork.framework in Frameworks */ = {isa = PBXBuildFile; fileRef = B6CB8E801967C4C1002996E8 /* CFNetwork.framework */; };
		B6CB8E831967C4D0002996E8 /* CoreLocation.framework in Frameworks */ = {isa = PBXBuildFile; fileRef = B6CB8E821967C4D0002996E8 /* CoreLocation.framework */; };
		B6CB8E851967C4D6002996E8 /* libz.dylib in Frameworks */ = {isa = PBXBuildFile; fileRef = B6CB8E841967C4D6002996E8 /* libz.dylib */; };
		B6CB8E871967C4DB002996E8 /* MobileCoreServices.framework in Frameworks */ = {isa = PBXBuildFile; fileRef = B6CB8E861967C4DB002996E8 /* MobileCoreServices.framework */; };
		B6CB8E891967C4E3002996E8 /* QuartzCore.framework in Frameworks */ = {isa = PBXBuildFile; fileRef = B6CB8E881967C4E3002996E8 /* QuartzCore.framework */; };
		B6CB8E8B1967C4EA002996E8 /* Security.framework in Frameworks */ = {isa = PBXBuildFile; fileRef = B6CB8E8A1967C4EA002996E8 /* Security.framework */; };
		B6CB8E8D1967C4F2002996E8 /* Social.framework in Frameworks */ = {isa = PBXBuildFile; fileRef = B6CB8E8C1967C4F2002996E8 /* Social.framework */; };
		B6CB8E8F1967C4F8002996E8 /* StoreKit.framework in Frameworks */ = {isa = PBXBuildFile; fileRef = B6CB8E8E1967C4F8002996E8 /* StoreKit.framework */; };
		B6CB8E911967C4FF002996E8 /* SystemConfiguration.framework in Frameworks */ = {isa = PBXBuildFile; fileRef = B6CB8E901967C4FE002996E8 /* SystemConfiguration.framework */; };
		B6CB8E941967CAE4002996E8 /* TPSignUpViewController.m in Sources */ = {isa = PBXBuildFile; fileRef = B6CB8E931967CAE4002996E8 /* TPSignUpViewController.m */; };
		B6CB8E971967CAFB002996E8 /* TPPhoneNumberViewController.m in Sources */ = {isa = PBXBuildFile; fileRef = B6CB8E961967CAFB002996E8 /* TPPhoneNumberViewController.m */; };
		B6CB8E9A1967CB0A002996E8 /* TPVerifyViewController.m in Sources */ = {isa = PBXBuildFile; fileRef = B6CB8E991967CB0A002996E8 /* TPVerifyViewController.m */; };
		B6CB8E9D1967CB2A002996E8 /* TPLandingViewController.m in Sources */ = {isa = PBXBuildFile; fileRef = B6CB8E9C1967CB2A002996E8 /* TPLandingViewController.m */; };
		B6CB8EA01967CB3F002996E8 /* TPLoginViewController.m in Sources */ = {isa = PBXBuildFile; fileRef = B6CB8E9F1967CB3F002996E8 /* TPLoginViewController.m */; };
		B6CB8EA31967CB50002996E8 /* TPCameraViewController.m in Sources */ = {isa = PBXBuildFile; fileRef = B6CB8EA21967CB50002996E8 /* TPCameraViewController.m */; };
		B6CB8EA61967CB68002996E8 /* TPInboxViewController.m in Sources */ = {isa = PBXBuildFile; fileRef = B6CB8EA51967CB68002996E8 /* TPInboxViewController.m */; };
		B6CB8EA91967CB8D002996E8 /* TPMyGroupViewController.m in Sources */ = {isa = PBXBuildFile; fileRef = B6CB8EA81967CB8D002996E8 /* TPMyGroupViewController.m */; };
		B6CB8EAC1967CBA4002996E8 /* TPAllContactsViewController.m in Sources */ = {isa = PBXBuildFile; fileRef = B6CB8EAB1967CBA4002996E8 /* TPAllContactsViewController.m */; };
/* End PBXBuildFile section */

/* Begin PBXContainerItemProxy section */
		B6CB8E681967C41C002996E8 /* PBXContainerItemProxy */ = {
			isa = PBXContainerItemProxy;
			containerPortal = B6CB8E3A1967C41C002996E8 /* Project object */;
			proxyType = 1;
			remoteGlobalIDString = B6CB8E411967C41C002996E8;
			remoteInfo = Tap;
		};
/* End PBXContainerItemProxy section */

/* Begin PBXFileReference section */
		B6CB8E421967C41C002996E8 /* Tap.app */ = {isa = PBXFileReference; explicitFileType = wrapper.application; includeInIndex = 0; path = Tap.app; sourceTree = BUILT_PRODUCTS_DIR; };
		B6CB8E451967C41C002996E8 /* Foundation.framework */ = {isa = PBXFileReference; lastKnownFileType = wrapper.framework; name = Foundation.framework; path = System/Library/Frameworks/Foundation.framework; sourceTree = SDKROOT; };
		B6CB8E471967C41C002996E8 /* CoreGraphics.framework */ = {isa = PBXFileReference; lastKnownFileType = wrapper.framework; name = CoreGraphics.framework; path = System/Library/Frameworks/CoreGraphics.framework; sourceTree = SDKROOT; };
		B6CB8E491967C41C002996E8 /* UIKit.framework */ = {isa = PBXFileReference; lastKnownFileType = wrapper.framework; name = UIKit.framework; path = System/Library/Frameworks/UIKit.framework; sourceTree = SDKROOT; };
		B6CB8E4D1967C41C002996E8 /* Tap-Info.plist */ = {isa = PBXFileReference; lastKnownFileType = text.plist.xml; path = "Tap-Info.plist"; sourceTree = "<group>"; };
		B6CB8E4F1967C41C002996E8 /* en */ = {isa = PBXFileReference; lastKnownFileType = text.plist.strings; name = en; path = en.lproj/InfoPlist.strings; sourceTree = "<group>"; };
		B6CB8E511967C41C002996E8 /* main.m */ = {isa = PBXFileReference; lastKnownFileType = sourcecode.c.objc; path = main.m; sourceTree = "<group>"; };
		B6CB8E531967C41C002996E8 /* Tap-Prefix.pch */ = {isa = PBXFileReference; lastKnownFileType = sourcecode.c.h; path = "Tap-Prefix.pch"; sourceTree = "<group>"; };
		B6CB8E541967C41C002996E8 /* TPAppDelegate.h */ = {isa = PBXFileReference; lastKnownFileType = sourcecode.c.h; path = TPAppDelegate.h; sourceTree = "<group>"; };
		B6CB8E551967C41C002996E8 /* TPAppDelegate.m */ = {isa = PBXFileReference; lastKnownFileType = sourcecode.c.objc; path = TPAppDelegate.m; sourceTree = "<group>"; };
		B6CB8E581967C41C002996E8 /* Base */ = {isa = PBXFileReference; lastKnownFileType = file.storyboard; name = Base; path = Base.lproj/Main.storyboard; sourceTree = "<group>"; };
		B6CB8E5A1967C41C002996E8 /* TPViewController.h */ = {isa = PBXFileReference; lastKnownFileType = sourcecode.c.h; path = TPViewController.h; sourceTree = "<group>"; };
		B6CB8E5B1967C41C002996E8 /* TPViewController.m */ = {isa = PBXFileReference; lastKnownFileType = sourcecode.c.objc; path = TPViewController.m; sourceTree = "<group>"; };
		B6CB8E5D1967C41C002996E8 /* Images.xcassets */ = {isa = PBXFileReference; lastKnownFileType = folder.assetcatalog; path = Images.xcassets; sourceTree = "<group>"; };
		B6CB8E631967C41C002996E8 /* TapTests.xctest */ = {isa = PBXFileReference; explicitFileType = wrapper.cfbundle; includeInIndex = 0; path = TapTests.xctest; sourceTree = BUILT_PRODUCTS_DIR; };
		B6CB8E641967C41C002996E8 /* XCTest.framework */ = {isa = PBXFileReference; lastKnownFileType = wrapper.framework; name = XCTest.framework; path = Library/Frameworks/XCTest.framework; sourceTree = DEVELOPER_DIR; };
		B6CB8E6C1967C41C002996E8 /* TapTests-Info.plist */ = {isa = PBXFileReference; lastKnownFileType = text.plist.xml; path = "TapTests-Info.plist"; sourceTree = "<group>"; };
		B6CB8E6E1967C41C002996E8 /* en */ = {isa = PBXFileReference; lastKnownFileType = text.plist.strings; name = en; path = en.lproj/InfoPlist.strings; sourceTree = "<group>"; };
		B6CB8E701967C41C002996E8 /* TapTests.m */ = {isa = PBXFileReference; lastKnownFileType = sourcecode.c.objc; path = TapTests.m; sourceTree = "<group>"; };
		B6CB8E7A1967C491002996E8 /* Parse.framework */ = {isa = PBXFileReference; lastKnownFileType = wrapper.framework; path = Parse.framework; sourceTree = "<group>"; };
		B6CB8E7C1967C4B0002996E8 /* Accounts.framework */ = {isa = PBXFileReference; lastKnownFileType = wrapper.framework; name = Accounts.framework; path = System/Library/Frameworks/Accounts.framework; sourceTree = SDKROOT; };
		B6CB8E7E1967C4B9002996E8 /* AudioToolbox.framework */ = {isa = PBXFileReference; lastKnownFileType = wrapper.framework; name = AudioToolbox.framework; path = System/Library/Frameworks/AudioToolbox.framework; sourceTree = SDKROOT; };
		B6CB8E801967C4C1002996E8 /* CFNetwork.framework */ = {isa = PBXFileReference; lastKnownFileType = wrapper.framework; name = CFNetwork.framework; path = System/Library/Frameworks/CFNetwork.framework; sourceTree = SDKROOT; };
		B6CB8E821967C4D0002996E8 /* CoreLocation.framework */ = {isa = PBXFileReference; lastKnownFileType = wrapper.framework; name = CoreLocation.framework; path = System/Library/Frameworks/CoreLocation.framework; sourceTree = SDKROOT; };
		B6CB8E841967C4D6002996E8 /* libz.dylib */ = {isa = PBXFileReference; lastKnownFileType = "compiled.mach-o.dylib"; name = libz.dylib; path = usr/lib/libz.dylib; sourceTree = SDKROOT; };
		B6CB8E861967C4DB002996E8 /* MobileCoreServices.framework */ = {isa = PBXFileReference; lastKnownFileType = wrapper.framework; name = MobileCoreServices.framework; path = System/Library/Frameworks/MobileCoreServices.framework; sourceTree = SDKROOT; };
		B6CB8E881967C4E3002996E8 /* QuartzCore.framework */ = {isa = PBXFileReference; lastKnownFileType = wrapper.framework; name = QuartzCore.framework; path = System/Library/Frameworks/QuartzCore.framework; sourceTree = SDKROOT; };
		B6CB8E8A1967C4EA002996E8 /* Security.framework */ = {isa = PBXFileReference; lastKnownFileType = wrapper.framework; name = Security.framework; path = System/Library/Frameworks/Security.framework; sourceTree = SDKROOT; };
		B6CB8E8C1967C4F2002996E8 /* Social.framework */ = {isa = PBXFileReference; lastKnownFileType = wrapper.framework; name = Social.framework; path = System/Library/Frameworks/Social.framework; sourceTree = SDKROOT; };
		B6CB8E8E1967C4F8002996E8 /* StoreKit.framework */ = {isa = PBXFileReference; lastKnownFileType = wrapper.framework; name = StoreKit.framework; path = System/Library/Frameworks/StoreKit.framework; sourceTree = SDKROOT; };
		B6CB8E901967C4FE002996E8 /* SystemConfiguration.framework */ = {isa = PBXFileReference; lastKnownFileType = wrapper.framework; name = SystemConfiguration.framework; path = System/Library/Frameworks/SystemConfiguration.framework; sourceTree = SDKROOT; };
		B6CB8E921967CAE4002996E8 /* TPSignUpViewController.h */ = {isa = PBXFileReference; fileEncoding = 4; lastKnownFileType = sourcecode.c.h; path = TPSignUpViewController.h; sourceTree = "<group>"; };
		B6CB8E931967CAE4002996E8 /* TPSignUpViewController.m */ = {isa = PBXFileReference; fileEncoding = 4; lastKnownFileType = sourcecode.c.objc; path = TPSignUpViewController.m; sourceTree = "<group>"; };
		B6CB8E951967CAFB002996E8 /* TPPhoneNumberViewController.h */ = {isa = PBXFileReference; fileEncoding = 4; lastKnownFileType = sourcecode.c.h; path = TPPhoneNumberViewController.h; sourceTree = "<group>"; };
		B6CB8E961967CAFB002996E8 /* TPPhoneNumberViewController.m */ = {isa = PBXFileReference; fileEncoding = 4; lastKnownFileType = sourcecode.c.objc; path = TPPhoneNumberViewController.m; sourceTree = "<group>"; };
		B6CB8E981967CB0A002996E8 /* TPVerifyViewController.h */ = {isa = PBXFileReference; fileEncoding = 4; lastKnownFileType = sourcecode.c.h; path = TPVerifyViewController.h; sourceTree = "<group>"; };
		B6CB8E991967CB0A002996E8 /* TPVerifyViewController.m */ = {isa = PBXFileReference; fileEncoding = 4; lastKnownFileType = sourcecode.c.objc; path = TPVerifyViewController.m; sourceTree = "<group>"; };
		B6CB8E9B1967CB2A002996E8 /* TPLandingViewController.h */ = {isa = PBXFileReference; fileEncoding = 4; lastKnownFileType = sourcecode.c.h; path = TPLandingViewController.h; sourceTree = "<group>"; };
		B6CB8E9C1967CB2A002996E8 /* TPLandingViewController.m */ = {isa = PBXFileReference; fileEncoding = 4; lastKnownFileType = sourcecode.c.objc; path = TPLandingViewController.m; sourceTree = "<group>"; };
		B6CB8E9E1967CB3F002996E8 /* TPLoginViewController.h */ = {isa = PBXFileReference; fileEncoding = 4; lastKnownFileType = sourcecode.c.h; path = TPLoginViewController.h; sourceTree = "<group>"; };
		B6CB8E9F1967CB3F002996E8 /* TPLoginViewController.m */ = {isa = PBXFileReference; fileEncoding = 4; lastKnownFileType = sourcecode.c.objc; path = TPLoginViewController.m; sourceTree = "<group>"; };
		B6CB8EA11967CB50002996E8 /* TPCameraViewController.h */ = {isa = PBXFileReference; fileEncoding = 4; lastKnownFileType = sourcecode.c.h; path = TPCameraViewController.h; sourceTree = "<group>"; };
		B6CB8EA21967CB50002996E8 /* TPCameraViewController.m */ = {isa = PBXFileReference; fileEncoding = 4; lastKnownFileType = sourcecode.c.objc; path = TPCameraViewController.m; sourceTree = "<group>"; };
		B6CB8EA41967CB68002996E8 /* TPInboxViewController.h */ = {isa = PBXFileReference; fileEncoding = 4; lastKnownFileType = sourcecode.c.h; path = TPInboxViewController.h; sourceTree = "<group>"; };
		B6CB8EA51967CB68002996E8 /* TPInboxViewController.m */ = {isa = PBXFileReference; fileEncoding = 4; lastKnownFileType = sourcecode.c.objc; path = TPInboxViewController.m; sourceTree = "<group>"; };
		B6CB8EA71967CB8D002996E8 /* TPMyGroupViewController.h */ = {isa = PBXFileReference; fileEncoding = 4; lastKnownFileType = sourcecode.c.h; path = TPMyGroupViewController.h; sourceTree = "<group>"; };
		B6CB8EA81967CB8D002996E8 /* TPMyGroupViewController.m */ = {isa = PBXFileReference; fileEncoding = 4; lastKnownFileType = sourcecode.c.objc; path = TPMyGroupViewController.m; sourceTree = "<group>"; };
		B6CB8EAA1967CBA4002996E8 /* TPAllContactsViewController.h */ = {isa = PBXFileReference; fileEncoding = 4; lastKnownFileType = sourcecode.c.h; path = TPAllContactsViewController.h; sourceTree = "<group>"; };
		B6CB8EAB1967CBA4002996E8 /* TPAllContactsViewController.m */ = {isa = PBXFileReference; fileEncoding = 4; lastKnownFileType = sourcecode.c.objc; path = TPAllContactsViewController.m; sourceTree = "<group>"; };
/* End PBXFileReference section */

/* Begin PBXFrameworksBuildPhase section */
		B6CB8E3F1967C41C002996E8 /* Frameworks */ = {
			isa = PBXFrameworksBuildPhase;
			buildActionMask = 2147483647;
			files = (
				B6CB8E911967C4FF002996E8 /* SystemConfiguration.framework in Frameworks */,
				B6CB8E8F1967C4F8002996E8 /* StoreKit.framework in Frameworks */,
				B6CB8E8D1967C4F2002996E8 /* Social.framework in Frameworks */,
				B6CB8E8B1967C4EA002996E8 /* Security.framework in Frameworks */,
				B6CB8E891967C4E3002996E8 /* QuartzCore.framework in Frameworks */,
				B6CB8E871967C4DB002996E8 /* MobileCoreServices.framework in Frameworks */,
				B6CB8E851967C4D6002996E8 /* libz.dylib in Frameworks */,
				B6CB8E831967C4D0002996E8 /* CoreLocation.framework in Frameworks */,
				B6CB8E481967C41C002996E8 /* CoreGraphics.framework in Frameworks */,
				B6CB8E811967C4C1002996E8 /* CFNetwork.framework in Frameworks */,
				B6CB8E7F1967C4B9002996E8 /* AudioToolbox.framework in Frameworks */,
				B6CB8E7D1967C4B0002996E8 /* Accounts.framework in Frameworks */,
				B6CB8E4A1967C41C002996E8 /* UIKit.framework in Frameworks */,
				B6CB8E7B1967C491002996E8 /* Parse.framework in Frameworks */,
				B6CB8E461967C41C002996E8 /* Foundation.framework in Frameworks */,
			);
			runOnlyForDeploymentPostprocessing = 0;
		};
		B6CB8E601967C41C002996E8 /* Frameworks */ = {
			isa = PBXFrameworksBuildPhase;
			buildActionMask = 2147483647;
			files = (
				B6CB8E651967C41C002996E8 /* XCTest.framework in Frameworks */,
				B6CB8E671967C41C002996E8 /* UIKit.framework in Frameworks */,
				B6CB8E661967C41C002996E8 /* Foundation.framework in Frameworks */,
			);
			runOnlyForDeploymentPostprocessing = 0;
		};
/* End PBXFrameworksBuildPhase section */

/* Begin PBXGroup section */
		B6CB8E391967C41C002996E8 = {
			isa = PBXGroup;
			children = (
				B6CB8E4B1967C41C002996E8 /* Tap */,
				B6CB8E6A1967C41C002996E8 /* TapTests */,
				B6CB8E441967C41C002996E8 /* Frameworks */,
				B6CB8E431967C41C002996E8 /* Products */,
			);
			sourceTree = "<group>";
		};
		B6CB8E431967C41C002996E8 /* Products */ = {
			isa = PBXGroup;
			children = (
				B6CB8E421967C41C002996E8 /* Tap.app */,
				B6CB8E631967C41C002996E8 /* TapTests.xctest */,
			);
			name = Products;
			sourceTree = "<group>";
		};
		B6CB8E441967C41C002996E8 /* Frameworks */ = {
			isa = PBXGroup;
			children = (
				B6CB8E901967C4FE002996E8 /* SystemConfiguration.framework */,
				B6CB8E8E1967C4F8002996E8 /* StoreKit.framework */,
				B6CB8E8C1967C4F2002996E8 /* Social.framework */,
				B6CB8E8A1967C4EA002996E8 /* Security.framework */,
				B6CB8E881967C4E3002996E8 /* QuartzCore.framework */,
				B6CB8E861967C4DB002996E8 /* MobileCoreServices.framework */,
				B6CB8E841967C4D6002996E8 /* libz.dylib */,
				B6CB8E821967C4D0002996E8 /* CoreLocation.framework */,
				B6CB8E801967C4C1002996E8 /* CFNetwork.framework */,
				B6CB8E7E1967C4B9002996E8 /* AudioToolbox.framework */,
				B6CB8E7C1967C4B0002996E8 /* Accounts.framework */,
				B6CB8E7A1967C491002996E8 /* Parse.framework */,
				B6CB8E451967C41C002996E8 /* Foundation.framework */,
				B6CB8E471967C41C002996E8 /* CoreGraphics.framework */,
				B6CB8E491967C41C002996E8 /* UIKit.framework */,
				B6CB8E641967C41C002996E8 /* XCTest.framework */,
			);
			name = Frameworks;
			sourceTree = "<group>";
		};
		B6CB8E4B1967C41C002996E8 /* Tap */ = {
			isa = PBXGroup;
			children = (
				B6CB8E541967C41C002996E8 /* TPAppDelegate.h */,
				B6CB8E551967C41C002996E8 /* TPAppDelegate.m */,
				B6CB8E571967C41C002996E8 /* Main.storyboard */,
				B6CB8EAA1967CBA4002996E8 /* TPAllContactsViewController.h */,
				B6CB8EAB1967CBA4002996E8 /* TPAllContactsViewController.m */,
				B6CB8E921967CAE4002996E8 /* TPSignUpViewController.h */,
				B6CB8E931967CAE4002996E8 /* TPSignUpViewController.m */,
				B6CB8E951967CAFB002996E8 /* TPPhoneNumberViewController.h */,
				B6CB8E961967CAFB002996E8 /* TPPhoneNumberViewController.m */,
				B6CB8E981967CB0A002996E8 /* TPVerifyViewController.h */,
				B6CB8E991967CB0A002996E8 /* TPVerifyViewController.m */,
				B6CB8E9B1967CB2A002996E8 /* TPLandingViewController.h */,
				B6CB8E9C1967CB2A002996E8 /* TPLandingViewController.m */,
				B6CB8E9E1967CB3F002996E8 /* TPLoginViewController.h */,
				B6CB8E9F1967CB3F002996E8 /* TPLoginViewController.m */,
				B6CB8EA71967CB8D002996E8 /* TPMyGroupViewController.h */,
				B6CB8EA81967CB8D002996E8 /* TPMyGroupViewController.m */,
				B6CB8EA11967CB50002996E8 /* TPCameraViewController.h */,
				B6CB8EA21967CB50002996E8 /* TPCameraViewController.m */,
				B6CB8EA41967CB68002996E8 /* TPInboxViewController.h */,
				B6CB8EA51967CB68002996E8 /* TPInboxViewController.m */,
				B6CB8E5A1967C41C002996E8 /* TPViewController.h */,
				B6CB8E5B1967C41C002996E8 /* TPViewController.m */,
				B6CB8E5D1967C41C002996E8 /* Images.xcassets */,
				B6CB8E4C1967C41C002996E8 /* Supporting Files */,
			);
			path = Tap;
			sourceTree = "<group>";
		};
		B6CB8E4C1967C41C002996E8 /* Supporting Files */ = {
			isa = PBXGroup;
			children = (
				B6CB8E4D1967C41C002996E8 /* Tap-Info.plist */,
				B6CB8E4E1967C41C002996E8 /* InfoPlist.strings */,
				B6CB8E511967C41C002996E8 /* main.m */,
				B6CB8E531967C41C002996E8 /* Tap-Prefix.pch */,
			);
			name = "Supporting Files";
			sourceTree = "<group>";
		};
		B6CB8E6A1967C41C002996E8 /* TapTests */ = {
			isa = PBXGroup;
			children = (
				B6CB8E701967C41C002996E8 /* TapTests.m */,
				B6CB8E6B1967C41C002996E8 /* Supporting Files */,
			);
			path = TapTests;
			sourceTree = "<group>";
		};
		B6CB8E6B1967C41C002996E8 /* Supporting Files */ = {
			isa = PBXGroup;
			children = (
				B6CB8E6C1967C41C002996E8 /* TapTests-Info.plist */,
				B6CB8E6D1967C41C002996E8 /* InfoPlist.strings */,
			);
			name = "Supporting Files";
			sourceTree = "<group>";
		};
/* End PBXGroup section */

/* Begin PBXNativeTarget section */
		B6CB8E411967C41C002996E8 /* Tap */ = {
			isa = PBXNativeTarget;
			buildConfigurationList = B6CB8E741967C41C002996E8 /* Build configuration list for PBXNativeTarget "Tap" */;
			buildPhases = (
				B6CB8E3E1967C41C002996E8 /* Sources */,
				B6CB8E3F1967C41C002996E8 /* Frameworks */,
				B6CB8E401967C41C002996E8 /* Resources */,
			);
			buildRules = (
			);
			dependencies = (
			);
			name = Tap;
			productName = Tap;
			productReference = B6CB8E421967C41C002996E8 /* Tap.app */;
			productType = "com.apple.product-type.application";
		};
		B6CB8E621967C41C002996E8 /* TapTests */ = {
			isa = PBXNativeTarget;
			buildConfigurationList = B6CB8E771967C41C002996E8 /* Build configuration list for PBXNativeTarget "TapTests" */;
			buildPhases = (
				B6CB8E5F1967C41C002996E8 /* Sources */,
				B6CB8E601967C41C002996E8 /* Frameworks */,
				B6CB8E611967C41C002996E8 /* Resources */,
			);
			buildRules = (
			);
			dependencies = (
				B6CB8E691967C41C002996E8 /* PBXTargetDependency */,
			);
			name = TapTests;
			productName = TapTests;
			productReference = B6CB8E631967C41C002996E8 /* TapTests.xctest */;
			productType = "com.apple.product-type.bundle.unit-test";
		};
/* End PBXNativeTarget section */

/* Begin PBXProject section */
		B6CB8E3A1967C41C002996E8 /* Project object */ = {
			isa = PBXProject;
			attributes = {
				CLASSPREFIX = TP;
				LastUpgradeCheck = 0510;
				ORGANIZATIONNAME = "Yagil Burowski";
				TargetAttributes = {
					B6CB8E621967C41C002996E8 = {
						TestTargetID = B6CB8E411967C41C002996E8;
					};
				};
			};
			buildConfigurationList = B6CB8E3D1967C41C002996E8 /* Build configuration list for PBXProject "Tap" */;
			compatibilityVersion = "Xcode 3.2";
			developmentRegion = English;
			hasScannedForEncodings = 0;
			knownRegions = (
				en,
				Base,
			);
			mainGroup = B6CB8E391967C41C002996E8;
			productRefGroup = B6CB8E431967C41C002996E8 /* Products */;
			projectDirPath = "";
			projectRoot = "";
			targets = (
				B6CB8E411967C41C002996E8 /* Tap */,
				B6CB8E621967C41C002996E8 /* TapTests */,
			);
		};
/* End PBXProject section */

/* Begin PBXResourcesBuildPhase section */
		B6CB8E401967C41C002996E8 /* Resources */ = {
			isa = PBXResourcesBuildPhase;
			buildActionMask = 2147483647;
			files = (
				B6CB8E5E1967C41C002996E8 /* Images.xcassets in Resources */,
				B6CB8E501967C41C002996E8 /* InfoPlist.strings in Resources */,
				B6CB8E591967C41C002996E8 /* Main.storyboard in Resources */,
			);
			runOnlyForDeploymentPostprocessing = 0;
		};
		B6CB8E611967C41C002996E8 /* Resources */ = {
			isa = PBXResourcesBuildPhase;
			buildActionMask = 2147483647;
			files = (
				B6CB8E6F1967C41C002996E8 /* InfoPlist.strings in Resources */,
			);
			runOnlyForDeploymentPostprocessing = 0;
		};
/* End PBXResourcesBuildPhase section */

/* Begin PBXSourcesBuildPhase section */
		B6CB8E3E1967C41C002996E8 /* Sources */ = {
			isa = PBXSourcesBuildPhase;
			buildActionMask = 2147483647;
			files = (
				B6CB8E941967CAE4002996E8 /* TPSignUpViewController.m in Sources */,
				B6CB8E5C1967C41C002996E8 /* TPViewController.m in Sources */,
				B6CB8E971967CAFB002996E8 /* TPPhoneNumberViewController.m in Sources */,
				B6CB8EA61967CB68002996E8 /* TPInboxViewController.m in Sources */,
				B6CB8E9A1967CB0A002996E8 /* TPVerifyViewController.m in Sources */,
				B6CB8E561967C41C002996E8 /* TPAppDelegate.m in Sources */,
				B6CB8EA91967CB8D002996E8 /* TPMyGroupViewController.m in Sources */,
				B6CB8EA31967CB50002996E8 /* TPCameraViewController.m in Sources */,
				B6CB8E9D1967CB2A002996E8 /* TPLandingViewController.m in Sources */,
				B6CB8EA01967CB3F002996E8 /* TPLoginViewController.m in Sources */,
				B6CB8E521967C41C002996E8 /* main.m in Sources */,
				B6CB8EAC1967CBA4002996E8 /* TPAllContactsViewController.m in Sources */,
			);
			runOnlyForDeploymentPostprocessing = 0;
		};
		B6CB8E5F1967C41C002996E8 /* Sources */ = {
			isa = PBXSourcesBuildPhase;
			buildActionMask = 2147483647;
			files = (
				B6CB8E711967C41C002996E8 /* TapTests.m in Sources */,
			);
			runOnlyForDeploymentPostprocessing = 0;
		};
/* End PBXSourcesBuildPhase section */

/* Begin PBXTargetDependency section */
		B6CB8E691967C41C002996E8 /* PBXTargetDependency */ = {
			isa = PBXTargetDependency;
			target = B6CB8E411967C41C002996E8 /* Tap */;
			targetProxy = B6CB8E681967C41C002996E8 /* PBXContainerItemProxy */;
		};
/* End PBXTargetDependency section */

/* Begin PBXVariantGroup section */
		B6CB8E4E1967C41C002996E8 /* InfoPlist.strings */ = {
			isa = PBXVariantGroup;
			children = (
				B6CB8E4F1967C41C002996E8 /* en */,
			);
			name = InfoPlist.strings;
			sourceTree = "<group>";
		};
		B6CB8E571967C41C002996E8 /* Main.storyboard */ = {
			isa = PBXVariantGroup;
			children = (
				B6CB8E581967C41C002996E8 /* Base */,
			);
			name = Main.storyboard;
			sourceTree = "<group>";
		};
		B6CB8E6D1967C41C002996E8 /* InfoPlist.strings */ = {
			isa = PBXVariantGroup;
			children = (
				B6CB8E6E1967C41C002996E8 /* en */,
			);
			name = InfoPlist.strings;
			sourceTree = "<group>";
		};
/* End PBXVariantGroup section */

/* Begin XCBuildConfiguration section */
		B6CB8E721967C41C002996E8 /* Debug */ = {
			isa = XCBuildConfiguration;
			buildSettings = {
				ALWAYS_SEARCH_USER_PATHS = NO;
				CLANG_CXX_LANGUAGE_STANDARD = "gnu++0x";
				CLANG_CXX_LIBRARY = "libc++";
				CLANG_ENABLE_MODULES = YES;
				CLANG_ENABLE_OBJC_ARC = YES;
				CLANG_WARN_BOOL_CONVERSION = YES;
				CLANG_WARN_CONSTANT_CONVERSION = YES;
				CLANG_WARN_DIRECT_OBJC_ISA_USAGE = YES_ERROR;
				CLANG_WARN_EMPTY_BODY = YES;
				CLANG_WARN_ENUM_CONVERSION = YES;
				CLANG_WARN_INT_CONVERSION = YES;
				CLANG_WARN_OBJC_ROOT_CLASS = YES_ERROR;
				CLANG_WARN__DUPLICATE_METHOD_MATCH = YES;
				"CODE_SIGN_IDENTITY[sdk=iphoneos*]" = "iPhone Developer";
				COPY_PHASE_STRIP = NO;
				GCC_C_LANGUAGE_STANDARD = gnu99;
				GCC_DYNAMIC_NO_PIC = NO;
				GCC_OPTIMIZATION_LEVEL = 0;
				GCC_PREPROCESSOR_DEFINITIONS = (
					"DEBUG=1",
					"$(inherited)",
				);
				GCC_SYMBOLS_PRIVATE_EXTERN = NO;
				GCC_WARN_64_TO_32_BIT_CONVERSION = YES;
				GCC_WARN_ABOUT_RETURN_TYPE = YES_ERROR;
				GCC_WARN_UNDECLARED_SELECTOR = YES;
				GCC_WARN_UNINITIALIZED_AUTOS = YES_AGGRESSIVE;
				GCC_WARN_UNUSED_FUNCTION = YES;
				GCC_WARN_UNUSED_VARIABLE = YES;
				IPHONEOS_DEPLOYMENT_TARGET = 7.1;
				ONLY_ACTIVE_ARCH = YES;
				SDKROOT = iphoneos;
			};
			name = Debug;
		};
		B6CB8E731967C41C002996E8 /* Release */ = {
			isa = XCBuildConfiguration;
			buildSettings = {
				ALWAYS_SEARCH_USER_PATHS = NO;
				CLANG_CXX_LANGUAGE_STANDARD = "gnu++0x";
				CLANG_CXX_LIBRARY = "libc++";
				CLANG_ENABLE_MODULES = YES;
				CLANG_ENABLE_OBJC_ARC = YES;
				CLANG_WARN_BOOL_CONVERSION = YES;
				CLANG_WARN_CONSTANT_CONVERSION = YES;
				CLANG_WARN_DIRECT_OBJC_ISA_USAGE = YES_ERROR;
				CLANG_WARN_EMPTY_BODY = YES;
				CLANG_WARN_ENUM_CONVERSION = YES;
				CLANG_WARN_INT_CONVERSION = YES;
				CLANG_WARN_OBJC_ROOT_CLASS = YES_ERROR;
				CLANG_WARN__DUPLICATE_METHOD_MATCH = YES;
				"CODE_SIGN_IDENTITY[sdk=iphoneos*]" = "iPhone Developer";
				COPY_PHASE_STRIP = YES;
				ENABLE_NS_ASSERTIONS = NO;
				GCC_C_LANGUAGE_STANDARD = gnu99;
				GCC_WARN_64_TO_32_BIT_CONVERSION = YES;
				GCC_WARN_ABOUT_RETURN_TYPE = YES_ERROR;
				GCC_WARN_UNDECLARED_SELECTOR = YES;
				GCC_WARN_UNINITIALIZED_AUTOS = YES_AGGRESSIVE;
				GCC_WARN_UNUSED_FUNCTION = YES;
				GCC_WARN_UNUSED_VARIABLE = YES;
				IPHONEOS_DEPLOYMENT_TARGET = 7.1;
				SDKROOT = iphoneos;
				VALIDATE_PRODUCT = YES;
			};
			name = Release;
		};
		B6CB8E751967C41C002996E8 /* Debug */ = {
			isa = XCBuildConfiguration;
			buildSettings = {
				ASSETCATALOG_COMPILER_APPICON_NAME = AppIcon;
				ASSETCATALOG_COMPILER_LAUNCHIMAGE_NAME = LaunchImage;
				FRAMEWORK_SEARCH_PATHS = (
					"$(inherited)",
					"$(PROJECT_DIR)",
				);
				GCC_PRECOMPILE_PREFIX_HEADER = YES;
				GCC_PREFIX_HEADER = "Tap/Tap-Prefix.pch";
				INFOPLIST_FILE = "Tap/Tap-Info.plist";
				PRODUCT_NAME = "$(TARGET_NAME)";
				WRAPPER_EXTENSION = app;
			};
			name = Debug;
		};
		B6CB8E761967C41C002996E8 /* Release */ = {
			isa = XCBuildConfiguration;
			buildSettings = {
				ASSETCATALOG_COMPILER_APPICON_NAME = AppIcon;
				ASSETCATALOG_COMPILER_LAUNCHIMAGE_NAME = LaunchImage;
				FRAMEWORK_SEARCH_PATHS = (
					"$(inherited)",
					"$(PROJECT_DIR)",
				);
				GCC_PRECOMPILE_PREFIX_HEADER = YES;
				GCC_PREFIX_HEADER = "Tap/Tap-Prefix.pch";
				INFOPLIST_FILE = "Tap/Tap-Info.plist";
				PRODUCT_NAME = "$(TARGET_NAME)";
				WRAPPER_EXTENSION = app;
			};
			name = Release;
		};
		B6CB8E781967C41C002996E8 /* Debug */ = {
			isa = XCBuildConfiguration;
			buildSettings = {
				BUNDLE_LOADER = "$(BUILT_PRODUCTS_DIR)/Tap.app/Tap";
				FRAMEWORK_SEARCH_PATHS = (
					"$(SDKROOT)/Developer/Library/Frameworks",
					"$(inherited)",
					"$(DEVELOPER_FRAMEWORKS_DIR)",
				);
				GCC_PRECOMPILE_PREFIX_HEADER = YES;
				GCC_PREFIX_HEADER = "Tap/Tap-Prefix.pch";
				GCC_PREPROCESSOR_DEFINITIONS = (
					"DEBUG=1",
					"$(inherited)",
				);
				INFOPLIST_FILE = "TapTests/TapTests-Info.plist";
				PRODUCT_NAME = "$(TARGET_NAME)";
				TEST_HOST = "$(BUNDLE_LOADER)";
				WRAPPER_EXTENSION = xctest;
			};
			name = Debug;
		};
		B6CB8E791967C41C002996E8 /* Release */ = {
			isa = XCBuildConfiguration;
			buildSettings = {
				BUNDLE_LOADER = "$(BUILT_PRODUCTS_DIR)/Tap.app/Tap";
				FRAMEWORK_SEARCH_PATHS = (
					"$(SDKROOT)/Developer/Library/Frameworks",
					"$(inherited)",
					"$(DEVELOPER_FRAMEWORKS_DIR)",
				);
				GCC_PRECOMPILE_PREFIX_HEADER = YES;
				GCC_PREFIX_HEADER = "Tap/Tap-Prefix.pch";
				INFOPLIST_FILE = "TapTests/TapTests-Info.plist";
				PRODUCT_NAME = "$(TARGET_NAME)";
				TEST_HOST = "$(BUNDLE_LOADER)";
				WRAPPER_EXTENSION = xctest;
			};
			name = Release;
		};
/* End XCBuildConfiguration section */

/* Begin XCConfigurationList section */
		B6CB8E3D1967C41C002996E8 /* Build configuration list for PBXProject "Tap" */ = {
			isa = XCConfigurationList;
			buildConfigurations = (
				B6CB8E721967C41C002996E8 /* Debug */,
				B6CB8E731967C41C002996E8 /* Release */,
			);
			defaultConfigurationIsVisible = 0;
			defaultConfigurationName = Release;
		};
		B6CB8E741967C41C002996E8 /* Build configuration list for PBXNativeTarget "Tap" */ = {
			isa = XCConfigurationList;
			buildConfigurations = (
				B6CB8E751967C41C002996E8 /* Debug */,
				B6CB8E761967C41C002996E8 /* Release */,
			);
			defaultConfigurationIsVisible = 0;
		};
		B6CB8E771967C41C002996E8 /* Build configuration list for PBXNativeTarget "TapTests" */ = {
			isa = XCConfigurationList;
			buildConfigurations = (
				B6CB8E781967C41C002996E8 /* Debug */,
				B6CB8E791967C41C002996E8 /* Release */,
			);
			defaultConfigurationIsVisible = 0;
		};
/* End XCConfigurationList section */
	};
	rootObject = B6CB8E3A1967C41C002996E8 /* Project object */;
}
